// !$*UTF8*$!
{
	archiveVersion = 1;
	classes = {
	};
	objectVersion = 50;
	objects = {

/* Begin PBXBuildFile section */
		54AA8FBF23E5410400B14D5E /* AppDelegate.swift in Sources */ = {isa = PBXBuildFile; fileRef = 54AA8FBE23E5410400B14D5E /* AppDelegate.swift */; };
		54AA8FC123E5410400B14D5E /* SceneDelegate.swift in Sources */ = {isa = PBXBuildFile; fileRef = 54AA8FC023E5410400B14D5E /* SceneDelegate.swift */; };
		54AA8FC323E5410400B14D5E /* TinderVC.swift in Sources */ = {isa = PBXBuildFile; fileRef = 54AA8FC223E5410400B14D5E /* TinderVC.swift */; };
		54AA8FC623E5410400B14D5E /* Main.storyboard in Resources */ = {isa = PBXBuildFile; fileRef = 54AA8FC423E5410400B14D5E /* Main.storyboard */; };
		54AA8FC823E5410600B14D5E /* Assets.xcassets in Resources */ = {isa = PBXBuildFile; fileRef = 54AA8FC723E5410600B14D5E /* Assets.xcassets */; };
		54AA8FCB23E5410600B14D5E /* LaunchScreen.storyboard in Resources */ = {isa = PBXBuildFile; fileRef = 54AA8FC923E5410600B14D5E /* LaunchScreen.storyboard */; };
		54AA8FD323E545B200B14D5E /* Constants.swift in Sources */ = {isa = PBXBuildFile; fileRef = 54AA8FD223E545B100B14D5E /* Constants.swift */; };
		54AA8FD523E54FF100B14D5E /* TinderVC-TableView.swift in Sources */ = {isa = PBXBuildFile; fileRef = 54AA8FD423E54FF100B14D5E /* TinderVC-TableView.swift */; };
		54AA8FD723E550C700B14D5E /* PreferenceCell.swift in Sources */ = {isa = PBXBuildFile; fileRef = 54AA8FD623E550C700B14D5E /* PreferenceCell.swift */; };
/* End PBXBuildFile section */

/* Begin PBXFileReference section */
		54AA8FBB23E5410400B14D5E /* Tinder.app */ = {isa = PBXFileReference; explicitFileType = wrapper.application; includeInIndex = 0; path = Tinder.app; sourceTree = BUILT_PRODUCTS_DIR; };
		54AA8FBE23E5410400B14D5E /* AppDelegate.swift */ = {isa = PBXFileReference; lastKnownFileType = sourcecode.swift; path = AppDelegate.swift; sourceTree = "<group>"; };
		54AA8FC023E5410400B14D5E /* SceneDelegate.swift */ = {isa = PBXFileReference; lastKnownFileType = sourcecode.swift; path = SceneDelegate.swift; sourceTree = "<group>"; };
		54AA8FC223E5410400B14D5E /* TinderVC.swift */ = {isa = PBXFileReference; lastKnownFileType = sourcecode.swift; path = TinderVC.swift; sourceTree = "<group>"; };
		54AA8FC523E5410400B14D5E /* Base */ = {isa = PBXFileReference; lastKnownFileType = file.storyboard; name = Base; path = Base.lproj/Main.storyboard; sourceTree = "<group>"; };
		54AA8FC723E5410600B14D5E /* Assets.xcassets */ = {isa = PBXFileReference; lastKnownFileType = folder.assetcatalog; path = Assets.xcassets; sourceTree = "<group>"; };
		54AA8FCA23E5410600B14D5E /* Base */ = {isa = PBXFileReference; lastKnownFileType = file.storyboard; name = Base; path = Base.lproj/LaunchScreen.storyboard; sourceTree = "<group>"; };
		54AA8FCC23E5410600B14D5E /* Info.plist */ = {isa = PBXFileReference; lastKnownFileType = text.plist.xml; path = Info.plist; sourceTree = "<group>"; };
		54AA8FD223E545B100B14D5E /* Constants.swift */ = {isa = PBXFileReference; fileEncoding = 4; lastKnownFileType = sourcecode.swift; path = Constants.swift; sourceTree = "<group>"; };
		54AA8FD423E54FF100B14D5E /* TinderVC-TableView.swift */ = {isa = PBXFileReference; lastKnownFileType = sourcecode.swift; path = "TinderVC-TableView.swift"; sourceTree = "<group>"; };
		54AA8FD623E550C700B14D5E /* PreferenceCell.swift */ = {isa = PBXFileReference; lastKnownFileType = sourcecode.swift; path = PreferenceCell.swift; sourceTree = "<group>"; };
/* End PBXFileReference section */

/* Begin PBXFrameworksBuildPhase section */
		54AA8FB823E5410400B14D5E /* Frameworks */ = {
			isa = PBXFrameworksBuildPhase;
			buildActionMask = 2147483647;
			files = (
			);
			runOnlyForDeploymentPostprocessing = 0;
		};
/* End PBXFrameworksBuildPhase section */

/* Begin PBXGroup section */
		54AA8FB223E5410300B14D5E = {
			isa = PBXGroup;
			children = (
				54AA8FBD23E5410400B14D5E /* Tinder */,
				54AA8FBC23E5410400B14D5E /* Products */,
			);
			sourceTree = "<group>";
		};
		54AA8FBC23E5410400B14D5E /* Products */ = {
			isa = PBXGroup;
			children = (
				54AA8FBB23E5410400B14D5E /* Tinder.app */,
			);
			name = Products;
			sourceTree = "<group>";
		};
		54AA8FBD23E5410400B14D5E /* Tinder */ = {
			isa = PBXGroup;
			children = (
				54AA8FFA23E55ED000B14D5E /* Views */,
				54AA8FF823E55EB600B14D5E /* Controllers */,
				54AA8FFB23E55EE700B14D5E /* Resources */,
			);
			path = Tinder;
			sourceTree = "<group>";
		};
		54AA8FF823E55EB600B14D5E /* Controllers */ = {
			isa = PBXGroup;
			children = (
				54AA8FF923E55EC400B14D5E /* TinderVC */,
			);
			path = Controllers;
			sourceTree = "<group>";
		};
		54AA8FF923E55EC400B14D5E /* TinderVC */ = {
			isa = PBXGroup;
			children = (
				54AA8FC223E5410400B14D5E /* TinderVC.swift */,
				54AA8FD423E54FF100B14D5E /* TinderVC-TableView.swift */,
			);
			path = TinderVC;
			sourceTree = "<group>";
		};
		54AA8FFA23E55ED000B14D5E /* Views */ = {
			isa = PBXGroup;
			children = (
				54AA8FD623E550C700B14D5E /* PreferenceCell.swift */,
			);
			path = Views;
			sourceTree = "<group>";
		};
		54AA8FFB23E55EE700B14D5E /* Resources */ = {
			isa = PBXGroup;
			children = (
				54AA8FC423E5410400B14D5E /* Main.storyboard */,
				54AA8FBE23E5410400B14D5E /* AppDelegate.swift */,
				54AA8FC023E5410400B14D5E /* SceneDelegate.swift */,
				54AA8FD223E545B100B14D5E /* Constants.swift */,
				54AA8FC723E5410600B14D5E /* Assets.xcassets */,
				54AA8FC923E5410600B14D5E /* LaunchScreen.storyboard */,
				54AA8FCC23E5410600B14D5E /* Info.plist */,
			);
			path = Resources;
			sourceTree = "<group>";
		};
/* End PBXGroup section */

/* Begin PBXNativeTarget section */
		54AA8FBA23E5410400B14D5E /* Tinder */ = {
			isa = PBXNativeTarget;
			buildConfigurationList = 54AA8FCF23E5410600B14D5E /* Build configuration list for PBXNativeTarget "Tinder" */;
			buildPhases = (
				54AA8FB723E5410400B14D5E /* Sources */,
				54AA8FB823E5410400B14D5E /* Frameworks */,
				54AA8FB923E5410400B14D5E /* Resources */,
			);
			buildRules = (
			);
			dependencies = (
			);
			name = Tinder;
			productName = Tinder;
			productReference = 54AA8FBB23E5410400B14D5E /* Tinder.app */;
			productType = "com.apple.product-type.application";
		};
/* End PBXNativeTarget section */

/* Begin PBXProject section */
		54AA8FB323E5410300B14D5E /* Project object */ = {
			isa = PBXProject;
			attributes = {
				LastSwiftUpdateCheck = 1130;
				LastUpgradeCheck = 1130;
				ORGANIZATIONNAME = "Patrick Yin";
				TargetAttributes = {
					54AA8FBA23E5410400B14D5E = {
						CreatedOnToolsVersion = 11.3.1;
					};
				};
			};
			buildConfigurationList = 54AA8FB623E5410400B14D5E /* Build configuration list for PBXProject "Tinder" */;
			compatibilityVersion = "Xcode 9.3";
			developmentRegion = en;
			hasScannedForEncodings = 0;
			knownRegions = (
				en,
				Base,
			);
			mainGroup = 54AA8FB223E5410300B14D5E;
			productRefGroup = 54AA8FBC23E5410400B14D5E /* Products */;
			projectDirPath = "";
			projectRoot = "";
			targets = (
				54AA8FBA23E5410400B14D5E /* Tinder */,
			);
		};
/* End PBXProject section */

/* Begin PBXResourcesBuildPhase section */
		54AA8FB923E5410400B14D5E /* Resources */ = {
			isa = PBXResourcesBuildPhase;
			buildActionMask = 2147483647;
			files = (
				54AA8FCB23E5410600B14D5E /* LaunchScreen.storyboard in Resources */,
				54AA8FC823E5410600B14D5E /* Assets.xcassets in Resources */,
				54AA8FC623E5410400B14D5E /* Main.storyboard in Resources */,
			);
			runOnlyForDeploymentPostprocessing = 0;
		};
/* End PBXResourcesBuildPhase section */

/* Begin PBXSourcesBuildPhase section */
		54AA8FB723E5410400B14D5E /* Sources */ = {
			isa = PBXSourcesBuildPhase;
			buildActionMask = 2147483647;
			files = (
				54AA8FC323E5410400B14D5E /* TinderVC.swift in Sources */,
				54AA8FD523E54FF100B14D5E /* TinderVC-TableView.swift in Sources */,
				54AA8FD723E550C700B14D5E /* PreferenceCell.swift in Sources */,
				54AA8FBF23E5410400B14D5E /* AppDelegate.swift in Sources */,
				54AA8FC123E5410400B14D5E /* SceneDelegate.swift in Sources */,
				54AA8FD323E545B200B14D5E /* Constants.swift in Sources */,
			);
			runOnlyForDeploymentPostprocessing = 0;
		};
/* End PBXSourcesBuildPhase section */

/* Begin PBXVariantGroup section */
		54AA8FC423E5410400B14D5E /* Main.storyboard */ = {
			isa = PBXVariantGroup;
			children = (
				54AA8FC523E5410400B14D5E /* Base */,
			);
			name = Main.storyboard;
			sourceTree = "<group>";
		};
		54AA8FC923E5410600B14D5E /* LaunchScreen.storyboard */ = {
			isa = PBXVariantGroup;
			children = (
				54AA8FCA23E5410600B14D5E /* Base */,
			);
			name = LaunchScreen.storyboard;
			sourceTree = "<group>";
		};
/* End PBXVariantGroup section */

/* Begin XCBuildConfiguration section */
		54AA8FCD23E5410600B14D5E /* Debug */ = {
			isa = XCBuildConfiguration;
			buildSettings = {
				ALWAYS_SEARCH_USER_PATHS = NO;
				CLANG_ANALYZER_NONNULL = YES;
				CLANG_ANALYZER_NUMBER_OBJECT_CONVERSION = YES_AGGRESSIVE;
				CLANG_CXX_LANGUAGE_STANDARD = "gnu++14";
				CLANG_CXX_LIBRARY = "libc++";
				CLANG_ENABLE_MODULES = YES;
				CLANG_ENABLE_OBJC_ARC = YES;
				CLANG_ENABLE_OBJC_WEAK = YES;
				CLANG_WARN_BLOCK_CAPTURE_AUTORELEASING = YES;
				CLANG_WARN_BOOL_CONVERSION = YES;
				CLANG_WARN_COMMA = YES;
				CLANG_WARN_CONSTANT_CONVERSION = YES;
				CLANG_WARN_DEPRECATED_OBJC_IMPLEMENTATIONS = YES;
				CLANG_WARN_DIRECT_OBJC_ISA_USAGE = YES_ERROR;
				CLANG_WARN_DOCUMENTATION_COMMENTS = YES;
				CLANG_WARN_EMPTY_BODY = YES;
				CLANG_WARN_ENUM_CONVERSION = YES;
				CLANG_WARN_INFINITE_RECURSION = YES;
				CLANG_WARN_INT_CONVERSION = YES;
				CLANG_WARN_NON_LITERAL_NULL_CONVERSION = YES;
				CLANG_WARN_OBJC_IMPLICIT_RETAIN_SELF = YES;
				CLANG_WARN_OBJC_LITERAL_CONVERSION = YES;
				CLANG_WARN_OBJC_ROOT_CLASS = YES_ERROR;
				CLANG_WARN_RANGE_LOOP_ANALYSIS = YES;
				CLANG_WARN_STRICT_PROTOTYPES = YES;
				CLANG_WARN_SUSPICIOUS_MOVE = YES;
				CLANG_WARN_UNGUARDED_AVAILABILITY = YES_AGGRESSIVE;
				CLANG_WARN_UNREACHABLE_CODE = YES;
				CLANG_WARN__DUPLICATE_METHOD_MATCH = YES;
				COPY_PHASE_STRIP = NO;
				DEBUG_INFORMATION_FORMAT = dwarf;
				ENABLE_STRICT_OBJC_MSGSEND = YES;
				ENABLE_TESTABILITY = YES;
				GCC_C_LANGUAGE_STANDARD = gnu11;
				GCC_DYNAMIC_NO_PIC = NO;
				GCC_NO_COMMON_BLOCKS = YES;
				GCC_OPTIMIZATION_LEVEL = 0;
				GCC_PREPROCESSOR_DEFINITIONS = (
					"DEBUG=1",
					"$(inherited)",
				);
				GCC_WARN_64_TO_32_BIT_CONVERSION = YES;
				GCC_WARN_ABOUT_RETURN_TYPE = YES_ERROR;
				GCC_WARN_UNDECLARED_SELECTOR = YES;
				GCC_WARN_UNINITIALIZED_AUTOS = YES_AGGRESSIVE;
				GCC_WARN_UNUSED_FUNCTION = YES;
				GCC_WARN_UNUSED_VARIABLE = YES;
				IPHONEOS_DEPLOYMENT_TARGET = 13.2;
				MTL_ENABLE_DEBUG_INFO = INCLUDE_SOURCE;
				MTL_FAST_MATH = YES;
				ONLY_ACTIVE_ARCH = YES;
				SDKROOT = iphoneos;
				SWIFT_ACTIVE_COMPILATION_CONDITIONS = DEBUG;
				SWIFT_OPTIMIZATION_LEVEL = "-Onone";
			};
			name = Debug;
		};
		54AA8FCE23E5410600B14D5E /* Release */ = {
			isa = XCBuildConfiguration;
			buildSettings = {
				ALWAYS_SEARCH_USER_PATHS = NO;
				CLANG_ANALYZER_NONNULL = YES;
				CLANG_ANALYZER_NUMBER_OBJECT_CONVERSION = YES_AGGRESSIVE;
				CLANG_CXX_LANGUAGE_STANDARD = "gnu++14";
				CLANG_CXX_LIBRARY = "libc++";
				CLANG_ENABLE_MODULES = YES;
				CLANG_ENABLE_OBJC_ARC = YES;
				CLANG_ENABLE_OBJC_WEAK = YES;
				CLANG_WARN_BLOCK_CAPTURE_AUTORELEASING = YES;
				CLANG_WARN_BOOL_CONVERSION = YES;
				CLANG_WARN_COMMA = YES;
				CLANG_WARN_CONSTANT_CONVERSION = YES;
				CLANG_WARN_DEPRECATED_OBJC_IMPLEMENTATIONS = YES;
				CLANG_WARN_DIRECT_OBJC_ISA_USAGE = YES_ERROR;
				CLANG_WARN_DOCUMENTATION_COMMENTS = YES;
				CLANG_WARN_EMPTY_BODY = YES;
				CLANG_WARN_ENUM_CONVERSION = YES;
				CLANG_WARN_INFINITE_RECURSION = YES;
				CLANG_WARN_INT_CONVERSION = YES;
				CLANG_WARN_NON_LITERAL_NULL_CONVERSION = YES;
				CLANG_WARN_OBJC_IMPLICIT_RETAIN_SELF = YES;
				CLANG_WARN_OBJC_LITERAL_CONVERSION = YES;
				CLANG_WARN_OBJC_ROOT_CLASS = YES_ERROR;
				CLANG_WARN_RANGE_LOOP_ANALYSIS = YES;
				CLANG_WARN_STRICT_PROTOTYPES = YES;
				CLANG_WARN_SUSPICIOUS_MOVE = YES;
				CLANG_WARN_UNGUARDED_AVAILABILITY = YES_AGGRESSIVE;
				CLANG_WARN_UNREACHABLE_CODE = YES;
				CLANG_WARN__DUPLICATE_METHOD_MATCH = YES;
				COPY_PHASE_STRIP = NO;
				DEBUG_INFORMATION_FORMAT = "dwarf-with-dsym";
				ENABLE_NS_ASSERTIONS = NO;
				ENABLE_STRICT_OBJC_MSGSEND = YES;
				GCC_C_LANGUAGE_STANDARD = gnu11;
				GCC_NO_COMMON_BLOCKS = YES;
				GCC_WARN_64_TO_32_BIT_CONVERSION = YES;
				GCC_WARN_ABOUT_RETURN_TYPE = YES_ERROR;
				GCC_WARN_UNDECLARED_SELECTOR = YES;
				GCC_WARN_UNINITIALIZED_AUTOS = YES_AGGRESSIVE;
				GCC_WARN_UNUSED_FUNCTION = YES;
				GCC_WARN_UNUSED_VARIABLE = YES;
				IPHONEOS_DEPLOYMENT_TARGET = 13.2;
				MTL_ENABLE_DEBUG_INFO = NO;
				MTL_FAST_MATH = YES;
				SDKROOT = iphoneos;
				SWIFT_COMPILATION_MODE = wholemodule;
				SWIFT_OPTIMIZATION_LEVEL = "-O";
				VALIDATE_PRODUCT = YES;
			};
			name = Release;
		};
		54AA8FD023E5410600B14D5E /* Debug */ = {
			isa = XCBuildConfiguration;
			buildSettings = {
				ASSETCATALOG_COMPILER_APPICON_NAME = AppIcon;
				CODE_SIGN_STYLE = Automatic;
				DEVELOPMENT_TEAM = M2H55ZZJC9;
				INFOPLIST_FILE = Tinder/Resources/Info.plist;
				LD_RUNPATH_SEARCH_PATHS = (
					"$(inherited)",
					"@executable_path/Frameworks",
				);
				PRODUCT_BUNDLE_IDENTIFIER = com.patrickhaoy.Tinder;
				PRODUCT_NAME = "$(TARGET_NAME)";
				SWIFT_VERSION = 5.0;
				TARGETED_DEVICE_FAMILY = "1,2";
			};
			name = Debug;
		};
		54AA8FD123E5410600B14D5E /* Release */ = {
			isa = XCBuildConfiguration;
			buildSettings = {
				ASSETCATALOG_COMPILER_APPICON_NAME = AppIcon;
				CODE_SIGN_STYLE = Automatic;
				DEVELOPMENT_TEAM = M2H55ZZJC9;
				INFOPLIST_FILE = Tinder/Resources/Info.plist;
				LD_RUNPATH_SEARCH_PATHS = (
					"$(inherited)",
					"@executable_path/Frameworks",
				);
				PRODUCT_BUNDLE_IDENTIFIER = com.patrickhaoy.Tinder;
				PRODUCT_NAME = "$(TARGET_NAME)";
				SWIFT_VERSION = 5.0;
				TARGETED_DEVICE_FAMILY = "1,2";
			};
			name = Release;
		};
/* End XCBuildConfiguration section */

/* Begin XCConfigurationList section */
		54AA8FB623E5410400B14D5E /* Build configuration list for PBXProject "Tinder" */ = {
			isa = XCConfigurationList;
			buildConfigurations = (
				54AA8FCD23E5410600B14D5E /* Debug */,
				54AA8FCE23E5410600B14D5E /* Release */,
			);
			defaultConfigurationIsVisible = 0;
			defaultConfigurationName = Release;
		};
		54AA8FCF23E5410600B14D5E /* Build configuration list for PBXNativeTarget "Tinder" */ = {
			isa = XCConfigurationList;
			buildConfigurations = (
				54AA8FD023E5410600B14D5E /* Debug */,
				54AA8FD123E5410600B14D5E /* Release */,
			);
			defaultConfigurationIsVisible = 0;
			defaultConfigurationName = Release;
		};
/* End XCConfigurationList section */
	};
	rootObject = 54AA8FB323E5410300B14D5E /* Project object */;
}
